// !$*UTF8*$!
{
	archiveVersion = 1;
	classes = {
	};
	objectVersion = 56;
	objects = {

/* Begin PBXBuildFile section */
		D60E12D32B62598A00AE4425 /* drainApp.swift in Sources */ = {isa = PBXBuildFile; fileRef = D60E12D22B62598A00AE4425 /* drainApp.swift */; };
		D60E12D52B62598A00AE4425 /* ContentView.swift in Sources */ = {isa = PBXBuildFile; fileRef = D60E12D42B62598A00AE4425 /* ContentView.swift */; };
		D60E12D72B62598B00AE4425 /* Assets.xcassets in Resources */ = {isa = PBXBuildFile; fileRef = D60E12D62B62598B00AE4425 /* Assets.xcassets */; };
		D60E12DA2B62598B00AE4425 /* Preview Assets.xcassets in Resources */ = {isa = PBXBuildFile; fileRef = D60E12D92B62598B00AE4425 /* Preview Assets.xcassets */; };
		D60E12E42B62598B00AE4425 /* drainTests.swift in Sources */ = {isa = PBXBuildFile; fileRef = D60E12E32B62598B00AE4425 /* drainTests.swift */; };
		D60E12EE2B62598B00AE4425 /* drainUITests.swift in Sources */ = {isa = PBXBuildFile; fileRef = D60E12ED2B62598B00AE4425 /* drainUITests.swift */; };
		D60E12F02B62598B00AE4425 /* drainUITestsLaunchTests.swift in Sources */ = {isa = PBXBuildFile; fileRef = D60E12EF2B62598B00AE4425 /* drainUITestsLaunchTests.swift */; };
		D6218C962B62637300855E4B /* SignInView.swift in Sources */ = {isa = PBXBuildFile; fileRef = D6218C952B62637300855E4B /* SignInView.swift */; };
		D62A4F362B64CB6500F686EC /* EditProfileView.swift in Sources */ = {isa = PBXBuildFile; fileRef = D62A4F352B64CB6500F686EC /* EditProfileView.swift */; };
		D68EEBC72B641D6D00B805C1 /* ProfileDrainFilter.swift in Sources */ = {isa = PBXBuildFile; fileRef = D68EEBC62B641D6D00B805C1 /* ProfileDrainFilter.swift */; };
		D69E5D022B62B0A20088728F /* SignUpView.swift in Sources */ = {isa = PBXBuildFile; fileRef = D69E5D012B62B0A20088728F /* SignUpView.swift */; };
		D6C2081D2B64113200671856 /* AppProfileImage.swift in Sources */ = {isa = PBXBuildFile; fileRef = D6C2081C2B64113200671856 /* AppProfileImage.swift */; };
		D6C2081F2B6411DE00671856 /* AppUserCell.swift in Sources */ = {isa = PBXBuildFile; fileRef = D6C2081E2B6411DE00671856 /* AppUserCell.swift */; };
		D6C208242B6416E600671856 /* ProfileView.swift in Sources */ = {isa = PBXBuildFile; fileRef = D6C208232B6416E600671856 /* ProfileView.swift */; };
		D6E0B25E2B667A5A001CFEA3 /* CreateDrainView.swift in Sources */ = {isa = PBXBuildFile; fileRef = D6E0B25D2B667A5A001CFEA3 /* CreateDrainView.swift */; };
		D6F99B0D2B63DD1100ED4A53 /* AppTextFieldModifier.swift in Sources */ = {isa = PBXBuildFile; fileRef = D6F99B0C2B63DD1100ED4A53 /* AppTextFieldModifier.swift */; };
		D6F99B102B63DF6D00ED4A53 /* AppButtonModifiler.swift in Sources */ = {isa = PBXBuildFile; fileRef = D6F99B0F2B63DF6D00ED4A53 /* AppButtonModifiler.swift */; };
		D6F99B122B63E1F000ED4A53 /* AppTextModifiler.swift in Sources */ = {isa = PBXBuildFile; fileRef = D6F99B112B63E1F000ED4A53 /* AppTextModifiler.swift */; };
		D6F99B172B63E79D00ED4A53 /* AppTapView.swift in Sources */ = {isa = PBXBuildFile; fileRef = D6F99B162B63E79D00ED4A53 /* AppTapView.swift */; };
		D6F99B1B2B63EB8200ED4A53 /* FeedView.swift in Sources */ = {isa = PBXBuildFile; fileRef = D6F99B1A2B63EB8200ED4A53 /* FeedView.swift */; };
		D6F99B1D2B63F12C00ED4A53 /* AppDrainCell.swift in Sources */ = {isa = PBXBuildFile; fileRef = D6F99B1C2B63F12C00ED4A53 /* AppDrainCell.swift */; };
		D6F99B212B640C1400ED4A53 /* ExploreView.swift in Sources */ = {isa = PBXBuildFile; fileRef = D6F99B202B640C1400ED4A53 /* ExploreView.swift */; };
/* End PBXBuildFile section */

/* Begin PBXContainerItemProxy section */
		D60E12E02B62598B00AE4425 /* PBXContainerItemProxy */ = {
			isa = PBXContainerItemProxy;
			containerPortal = D60E12C72B62598A00AE4425 /* Project object */;
			proxyType = 1;
			remoteGlobalIDString = D60E12CE2B62598A00AE4425;
			remoteInfo = drain;
		};
		D60E12EA2B62598B00AE4425 /* PBXContainerItemProxy */ = {
			isa = PBXContainerItemProxy;
			containerPortal = D60E12C72B62598A00AE4425 /* Project object */;
			proxyType = 1;
			remoteGlobalIDString = D60E12CE2B62598A00AE4425;
			remoteInfo = drain;
		};
/* End PBXContainerItemProxy section */

/* Begin PBXFileReference section */
		D60E12CF2B62598A00AE4425 /* drain.app */ = {isa = PBXFileReference; explicitFileType = wrapper.application; includeInIndex = 0; path = drain.app; sourceTree = BUILT_PRODUCTS_DIR; };
		D60E12D22B62598A00AE4425 /* drainApp.swift */ = {isa = PBXFileReference; lastKnownFileType = sourcecode.swift; path = drainApp.swift; sourceTree = "<group>"; };
		D60E12D42B62598A00AE4425 /* ContentView.swift */ = {isa = PBXFileReference; lastKnownFileType = sourcecode.swift; path = ContentView.swift; sourceTree = "<group>"; };
		D60E12D62B62598B00AE4425 /* Assets.xcassets */ = {isa = PBXFileReference; lastKnownFileType = folder.assetcatalog; path = Assets.xcassets; sourceTree = "<group>"; };
		D60E12D92B62598B00AE4425 /* Preview Assets.xcassets */ = {isa = PBXFileReference; lastKnownFileType = folder.assetcatalog; path = "Preview Assets.xcassets"; sourceTree = "<group>"; };
		D60E12DF2B62598B00AE4425 /* drainTests.xctest */ = {isa = PBXFileReference; explicitFileType = wrapper.cfbundle; includeInIndex = 0; path = drainTests.xctest; sourceTree = BUILT_PRODUCTS_DIR; };
		D60E12E32B62598B00AE4425 /* drainTests.swift */ = {isa = PBXFileReference; lastKnownFileType = sourcecode.swift; path = drainTests.swift; sourceTree = "<group>"; };
		D60E12E92B62598B00AE4425 /* drainUITests.xctest */ = {isa = PBXFileReference; explicitFileType = wrapper.cfbundle; includeInIndex = 0; path = drainUITests.xctest; sourceTree = BUILT_PRODUCTS_DIR; };
		D60E12ED2B62598B00AE4425 /* drainUITests.swift */ = {isa = PBXFileReference; lastKnownFileType = sourcecode.swift; path = drainUITests.swift; sourceTree = "<group>"; };
		D60E12EF2B62598B00AE4425 /* drainUITestsLaunchTests.swift */ = {isa = PBXFileReference; lastKnownFileType = sourcecode.swift; path = drainUITestsLaunchTests.swift; sourceTree = "<group>"; };
		D6218C952B62637300855E4B /* SignInView.swift */ = {isa = PBXFileReference; lastKnownFileType = sourcecode.swift; path = SignInView.swift; sourceTree = "<group>"; };
		D62A4F352B64CB6500F686EC /* EditProfileView.swift */ = {isa = PBXFileReference; lastKnownFileType = sourcecode.swift; path = EditProfileView.swift; sourceTree = "<group>"; };
		D68EEBC62B641D6D00B805C1 /* ProfileDrainFilter.swift */ = {isa = PBXFileReference; lastKnownFileType = sourcecode.swift; path = ProfileDrainFilter.swift; sourceTree = "<group>"; };
		D69E5D012B62B0A20088728F /* SignUpView.swift */ = {isa = PBXFileReference; lastKnownFileType = sourcecode.swift; path = SignUpView.swift; sourceTree = "<group>"; };
		D6C2081C2B64113200671856 /* AppProfileImage.swift */ = {isa = PBXFileReference; lastKnownFileType = sourcecode.swift; path = AppProfileImage.swift; sourceTree = "<group>"; };
		D6C2081E2B6411DE00671856 /* AppUserCell.swift */ = {isa = PBXFileReference; lastKnownFileType = sourcecode.swift; path = AppUserCell.swift; sourceTree = "<group>"; };
		D6C208232B6416E600671856 /* ProfileView.swift */ = {isa = PBXFileReference; lastKnownFileType = sourcecode.swift; path = ProfileView.swift; sourceTree = "<group>"; };
		D6E0B25D2B667A5A001CFEA3 /* CreateDrainView.swift */ = {isa = PBXFileReference; lastKnownFileType = sourcecode.swift; path = CreateDrainView.swift; sourceTree = "<group>"; };
		D6F99B0C2B63DD1100ED4A53 /* AppTextFieldModifier.swift */ = {isa = PBXFileReference; lastKnownFileType = sourcecode.swift; path = AppTextFieldModifier.swift; sourceTree = "<group>"; };
		D6F99B0F2B63DF6D00ED4A53 /* AppButtonModifiler.swift */ = {isa = PBXFileReference; lastKnownFileType = sourcecode.swift; path = AppButtonModifiler.swift; sourceTree = "<group>"; };
		D6F99B112B63E1F000ED4A53 /* AppTextModifiler.swift */ = {isa = PBXFileReference; lastKnownFileType = sourcecode.swift; path = AppTextModifiler.swift; sourceTree = "<group>"; };
		D6F99B162B63E79D00ED4A53 /* AppTapView.swift */ = {isa = PBXFileReference; lastKnownFileType = sourcecode.swift; path = AppTapView.swift; sourceTree = "<group>"; };
		D6F99B1A2B63EB8200ED4A53 /* FeedView.swift */ = {isa = PBXFileReference; lastKnownFileType = sourcecode.swift; path = FeedView.swift; sourceTree = "<group>"; };
		D6F99B1C2B63F12C00ED4A53 /* AppDrainCell.swift */ = {isa = PBXFileReference; lastKnownFileType = sourcecode.swift; path = AppDrainCell.swift; sourceTree = "<group>"; };
		D6F99B202B640C1400ED4A53 /* ExploreView.swift */ = {isa = PBXFileReference; lastKnownFileType = sourcecode.swift; path = ExploreView.swift; sourceTree = "<group>"; };
/* End PBXFileReference section */

/* Begin PBXFrameworksBuildPhase section */
		D60E12CC2B62598A00AE4425 /* Frameworks */ = {
			isa = PBXFrameworksBuildPhase;
			buildActionMask = 2147483647;
			files = (
			);
			runOnlyForDeploymentPostprocessing = 0;
		};
		D60E12DC2B62598B00AE4425 /* Frameworks */ = {
			isa = PBXFrameworksBuildPhase;
			buildActionMask = 2147483647;
			files = (
			);
			runOnlyForDeploymentPostprocessing = 0;
		};
		D60E12E62B62598B00AE4425 /* Frameworks */ = {
			isa = PBXFrameworksBuildPhase;
			buildActionMask = 2147483647;
			files = (
			);
			runOnlyForDeploymentPostprocessing = 0;
		};
/* End PBXFrameworksBuildPhase section */

/* Begin PBXGroup section */
		D60E12C62B62598A00AE4425 = {
			isa = PBXGroup;
			children = (
				D60E12D12B62598A00AE4425 /* drain */,
				D60E12E22B62598B00AE4425 /* drainTests */,
				D60E12EC2B62598B00AE4425 /* drainUITests */,
				D60E12D02B62598A00AE4425 /* Products */,
			);
			sourceTree = "<group>";
		};
		D60E12D02B62598A00AE4425 /* Products */ = {
			isa = PBXGroup;
			children = (
				D60E12CF2B62598A00AE4425 /* drain.app */,
				D60E12DF2B62598B00AE4425 /* drainTests.xctest */,
				D60E12E92B62598B00AE4425 /* drainUITests.xctest */,
			);
			name = Products;
			sourceTree = "<group>";
		};
		D60E12D12B62598A00AE4425 /* drain */ = {
			isa = PBXGroup;
			children = (
				D6218C8A2B6261A000855E4B /* App */,
				D6218C8B2B6261B800855E4B /* Core */,
				D6218C8D2B6261D800855E4B /* Extensions */,
				D6218C8C2B6261C500855E4B /* Models */,
				D60E12D82B62598B00AE4425 /* Preview Content */,
				D6218C8F2B62621700855E4B /* Services */,
				D6218C8E2B6261F900855E4B /* Utils */,
				D60E12D62B62598B00AE4425 /* Assets.xcassets */,
				D60E12D42B62598A00AE4425 /* ContentView.swift */,
				D60E12D22B62598A00AE4425 /* drainApp.swift */,
			);
			path = drain;
			sourceTree = "<group>";
		};
		D60E12D82B62598B00AE4425 /* Preview Content */ = {
			isa = PBXGroup;
			children = (
				D60E12D92B62598B00AE4425 /* Preview Assets.xcassets */,
			);
			path = "Preview Content";
			sourceTree = "<group>";
		};
		D60E12E22B62598B00AE4425 /* drainTests */ = {
			isa = PBXGroup;
			children = (
				D60E12E32B62598B00AE4425 /* drainTests.swift */,
			);
			path = drainTests;
			sourceTree = "<group>";
		};
		D60E12EC2B62598B00AE4425 /* drainUITests */ = {
			isa = PBXGroup;
			children = (
				D60E12ED2B62598B00AE4425 /* drainUITests.swift */,
				D60E12EF2B62598B00AE4425 /* drainUITestsLaunchTests.swift */,
			);
			path = drainUITests;
			sourceTree = "<group>";
		};
		D6218C8A2B6261A000855E4B /* App */ = {
			isa = PBXGroup;
			children = (
			);
			path = App;
			sourceTree = "<group>";
		};
		D6218C8B2B6261B800855E4B /* Core */ = {
			isa = PBXGroup;
			children = (
				D6218C902B62626600855E4B /* Authentication */,
				D6C2081B2B64108500671856 /* Components */,
				D6F99B1E2B640BE900ED4A53 /* Explore */,
				D6F99B182B63EB6200ED4A53 /* Feed */,
				D6C208202B6416C400671856 /* Profile */,
				D6218C912B6262C100855E4B /* Root */,
				D6F99B132B63E63000ED4A53 /* TabBar */,
			);
			path = Core;
			sourceTree = "<group>";
		};
		D6218C8C2B6261C500855E4B /* Models */ = {
			isa = PBXGroup;
			children = (
			);
			path = Models;
			sourceTree = "<group>";
		};
		D6218C8D2B6261D800855E4B /* Extensions */ = {
			isa = PBXGroup;
			children = (
			);
			path = Extensions;
			sourceTree = "<group>";
		};
		D6218C8E2B6261F900855E4B /* Utils */ = {
			isa = PBXGroup;
			children = (
				D6F99B0B2B63D9E700ED4A53 /* ViewModifilers */,
			);
			path = Utils;
			sourceTree = "<group>";
		};
		D6218C8F2B62621700855E4B /* Services */ = {
			isa = PBXGroup;
			children = (
			);
			path = Services;
			sourceTree = "<group>";
		};
		D6218C902B62626600855E4B /* Authentication */ = {
			isa = PBXGroup;
			children = (
				D6218C922B6262EA00855E4B /* Views */,
			);
			path = Authentication;
			sourceTree = "<group>";
		};
		D6218C912B6262C100855E4B /* Root */ = {
			isa = PBXGroup;
			children = (
			);
			path = Root;
			sourceTree = "<group>";
		};
		D6218C922B6262EA00855E4B /* Views */ = {
			isa = PBXGroup;
			children = (
				D6218C952B62637300855E4B /* SignInView.swift */,
				D69E5D012B62B0A20088728F /* SignUpView.swift */,
			);
			path = Views;
			sourceTree = "<group>";
		};
		D62A4F342B64CB2C00F686EC /* EditProfile */ = {
			isa = PBXGroup;
			children = (
				D62A4F352B64CB6500F686EC /* EditProfileView.swift */,
			);
			path = EditProfile;
			sourceTree = "<group>";
		};
		D6C2081B2B64108500671856 /* Components */ = {
			isa = PBXGroup;
			children = (
				D6C2081C2B64113200671856 /* AppProfileImage.swift */,
				D6C2081E2B6411DE00671856 /* AppUserCell.swift */,
			);
			path = Components;
			sourceTree = "<group>";
		};
		D6C208202B6416C400671856 /* Profile */ = {
			isa = PBXGroup;
			children = (
				D62A4F342B64CB2C00F686EC /* EditProfile */,
				D6C208252B641D0D00671856 /* Models */,
				D6C208212B6416CF00671856 /* View */,
			);
			path = Profile;
			sourceTree = "<group>";
		};
		D6C208212B6416CF00671856 /* View */ = {
			isa = PBXGroup;
			children = (
				D6C208232B6416E600671856 /* ProfileView.swift */,
			);
			path = View;
			sourceTree = "<group>";
		};
		D6C208252B641D0D00671856 /* Models */ = {
			isa = PBXGroup;
			children = (
				D68EEBC62B641D6D00B805C1 /* ProfileDrainFilter.swift */,
			);
			path = Models;
			sourceTree = "<group>";
		};
		D6E0B25A2B6679E0001CFEA3 /* DrainCreation */ = {
			isa = PBXGroup;
			children = (
				D6E0B25B2B6679FB001CFEA3 /* View */,
			);
			path = DrainCreation;
			sourceTree = "<group>";
		};
		D6E0B25B2B6679FB001CFEA3 /* View */ = {
			isa = PBXGroup;
			children = (
				D6E0B25D2B667A5A001CFEA3 /* CreateDrainView.swift */,
			);
			path = View;
			sourceTree = "<group>";
		};
		D6F99B0B2B63D9E700ED4A53 /* ViewModifilers */ = {
			isa = PBXGroup;
			children = (
				D6F99B0C2B63DD1100ED4A53 /* AppTextFieldModifier.swift */,
				D6F99B0F2B63DF6D00ED4A53 /* AppButtonModifiler.swift */,
				D6F99B112B63E1F000ED4A53 /* AppTextModifiler.swift */,
			);
			path = ViewModifilers;
			sourceTree = "<group>";
		};
		D6F99B132B63E63000ED4A53 /* TabBar */ = {
			isa = PBXGroup;
			children = (
				D6F99B162B63E79D00ED4A53 /* AppTapView.swift */,
			);
			path = TabBar;
			sourceTree = "<group>";
		};
		D6F99B182B63EB6200ED4A53 /* Feed */ = {
			isa = PBXGroup;
			children = (
				D6E0B25A2B6679E0001CFEA3 /* DrainCreation */,
				D6F99B192B63EB6B00ED4A53 /* View */,
			);
			path = Feed;
			sourceTree = "<group>";
		};
		D6F99B192B63EB6B00ED4A53 /* View */ = {
			isa = PBXGroup;
			children = (
				D6F99B1A2B63EB8200ED4A53 /* FeedView.swift */,
				D6F99B1C2B63F12C00ED4A53 /* AppDrainCell.swift */,
			);
			path = View;
			sourceTree = "<group>";
		};
		D6F99B1E2B640BE900ED4A53 /* Explore */ = {
			isa = PBXGroup;
			children = (
				D6F99B1F2B640BF500ED4A53 /* View */,
			);
			path = Explore;
			sourceTree = "<group>";
		};
		D6F99B1F2B640BF500ED4A53 /* View */ = {
			isa = PBXGroup;
			children = (
				D6F99B202B640C1400ED4A53 /* ExploreView.swift */,
			);
			path = View;
			sourceTree = "<group>";
		};
/* End PBXGroup section */

/* Begin PBXNativeTarget section */
		D60E12CE2B62598A00AE4425 /* drain */ = {
			isa = PBXNativeTarget;
			buildConfigurationList = D60E12F32B62598B00AE4425 /* Build configuration list for PBXNativeTarget "drain" */;
			buildPhases = (
				D60E12CB2B62598A00AE4425 /* Sources */,
				D60E12CC2B62598A00AE4425 /* Frameworks */,
				D60E12CD2B62598A00AE4425 /* Resources */,
			);
			buildRules = (
			);
			dependencies = (
			);
			name = drain;
			productName = drain;
			productReference = D60E12CF2B62598A00AE4425 /* drain.app */;
			productType = "com.apple.product-type.application";
		};
		D60E12DE2B62598B00AE4425 /* drainTests */ = {
			isa = PBXNativeTarget;
			buildConfigurationList = D60E12F62B62598B00AE4425 /* Build configuration list for PBXNativeTarget "drainTests" */;
			buildPhases = (
				D60E12DB2B62598B00AE4425 /* Sources */,
				D60E12DC2B62598B00AE4425 /* Frameworks */,
				D60E12DD2B62598B00AE4425 /* Resources */,
			);
			buildRules = (
			);
			dependencies = (
				D60E12E12B62598B00AE4425 /* PBXTargetDependency */,
			);
			name = drainTests;
			productName = drainTests;
			productReference = D60E12DF2B62598B00AE4425 /* drainTests.xctest */;
			productType = "com.apple.product-type.bundle.unit-test";
		};
		D60E12E82B62598B00AE4425 /* drainUITests */ = {
			isa = PBXNativeTarget;
			buildConfigurationList = D60E12F92B62598B00AE4425 /* Build configuration list for PBXNativeTarget "drainUITests" */;
			buildPhases = (
				D60E12E52B62598B00AE4425 /* Sources */,
				D60E12E62B62598B00AE4425 /* Frameworks */,
				D60E12E72B62598B00AE4425 /* Resources */,
			);
			buildRules = (
			);
			dependencies = (
				D60E12EB2B62598B00AE4425 /* PBXTargetDependency */,
			);
			name = drainUITests;
			productName = drainUITests;
			productReference = D60E12E92B62598B00AE4425 /* drainUITests.xctest */;
			productType = "com.apple.product-type.bundle.ui-testing";
		};
/* End PBXNativeTarget section */

/* Begin PBXProject section */
		D60E12C72B62598A00AE4425 /* Project object */ = {
			isa = PBXProject;
			attributes = {
				BuildIndependentTargetsInParallel = 1;
				LastSwiftUpdateCheck = 1520;
				LastUpgradeCheck = 1520;
				TargetAttributes = {
					D60E12CE2B62598A00AE4425 = {
						CreatedOnToolsVersion = 15.2;
					};
					D60E12DE2B62598B00AE4425 = {
						CreatedOnToolsVersion = 15.2;
						TestTargetID = D60E12CE2B62598A00AE4425;
					};
					D60E12E82B62598B00AE4425 = {
						CreatedOnToolsVersion = 15.2;
						TestTargetID = D60E12CE2B62598A00AE4425;
					};
				};
			};
			buildConfigurationList = D60E12CA2B62598A00AE4425 /* Build configuration list for PBXProject "drain" */;
			compatibilityVersion = "Xcode 14.0";
			developmentRegion = en;
			hasScannedForEncodings = 0;
			knownRegions = (
				en,
				Base,
			);
			mainGroup = D60E12C62B62598A00AE4425;
			productRefGroup = D60E12D02B62598A00AE4425 /* Products */;
			projectDirPath = "";
			projectRoot = "";
			targets = (
				D60E12CE2B62598A00AE4425 /* drain */,
				D60E12DE2B62598B00AE4425 /* drainTests */,
				D60E12E82B62598B00AE4425 /* drainUITests */,
			);
		};
/* End PBXProject section */

/* Begin PBXResourcesBuildPhase section */
		D60E12CD2B62598A00AE4425 /* Resources */ = {
			isa = PBXResourcesBuildPhase;
			buildActionMask = 2147483647;
			files = (
				D60E12DA2B62598B00AE4425 /* Preview Assets.xcassets in Resources */,
				D60E12D72B62598B00AE4425 /* Assets.xcassets in Resources */,
			);
			runOnlyForDeploymentPostprocessing = 0;
		};
		D60E12DD2B62598B00AE4425 /* Resources */ = {
			isa = PBXResourcesBuildPhase;
			buildActionMask = 2147483647;
			files = (
			);
			runOnlyForDeploymentPostprocessing = 0;
		};
		D60E12E72B62598B00AE4425 /* Resources */ = {
			isa = PBXResourcesBuildPhase;
			buildActionMask = 2147483647;
			files = (
			);
			runOnlyForDeploymentPostprocessing = 0;
		};
/* End PBXResourcesBuildPhase section */

/* Begin PBXSourcesBuildPhase section */
		D60E12CB2B62598A00AE4425 /* Sources */ = {
			isa = PBXSourcesBuildPhase;
			buildActionMask = 2147483647;
			files = (
				D6F99B212B640C1400ED4A53 /* ExploreView.swift in Sources */,
				D69E5D022B62B0A20088728F /* SignUpView.swift in Sources */,
				D62A4F362B64CB6500F686EC /* EditProfileView.swift in Sources */,
				D6F99B1B2B63EB8200ED4A53 /* FeedView.swift in Sources */,
				D6F99B0D2B63DD1100ED4A53 /* AppTextFieldModifier.swift in Sources */,
				D6F99B172B63E79D00ED4A53 /* AppTapView.swift in Sources */,
				D6218C962B62637300855E4B /* SignInView.swift in Sources */,
				D6E0B25E2B667A5A001CFEA3 /* CreateDrainView.swift in Sources */,
				D6F99B1D2B63F12C00ED4A53 /* AppDrainCell.swift in Sources */,
				D6F99B102B63DF6D00ED4A53 /* AppButtonModifiler.swift in Sources */,
				D68EEBC72B641D6D00B805C1 /* ProfileDrainFilter.swift in Sources */,
				D6C2081F2B6411DE00671856 /* AppUserCell.swift in Sources */,
				D6F99B122B63E1F000ED4A53 /* AppTextModifiler.swift in Sources */,
				D6C2081D2B64113200671856 /* AppProfileImage.swift in Sources */,
				D60E12D52B62598A00AE4425 /* ContentView.swift in Sources */,
				D6C208242B6416E600671856 /* ProfileView.swift in Sources */,
				D60E12D32B62598A00AE4425 /* drainApp.swift in Sources */,
			);
			runOnlyForDeploymentPostprocessing = 0;
		};
		D60E12DB2B62598B00AE4425 /* Sources */ = {
			isa = PBXSourcesBuildPhase;
			buildActionMask = 2147483647;
			files = (
				D60E12E42B62598B00AE4425 /* drainTests.swift in Sources */,
			);
			runOnlyForDeploymentPostprocessing = 0;
		};
		D60E12E52B62598B00AE4425 /* Sources */ = {
			isa = PBXSourcesBuildPhase;
			buildActionMask = 2147483647;
			files = (
				D60E12EE2B62598B00AE4425 /* drainUITests.swift in Sources */,
				D60E12F02B62598B00AE4425 /* drainUITestsLaunchTests.swift in Sources */,
			);
			runOnlyForDeploymentPostprocessing = 0;
		};
/* End PBXSourcesBuildPhase section */

/* Begin PBXTargetDependency section */
		D60E12E12B62598B00AE4425 /* PBXTargetDependency */ = {
			isa = PBXTargetDependency;
			target = D60E12CE2B62598A00AE4425 /* drain */;
			targetProxy = D60E12E02B62598B00AE4425 /* PBXContainerItemProxy */;
		};
		D60E12EB2B62598B00AE4425 /* PBXTargetDependency */ = {
			isa = PBXTargetDependency;
			target = D60E12CE2B62598A00AE4425 /* drain */;
			targetProxy = D60E12EA2B62598B00AE4425 /* PBXContainerItemProxy */;
		};
/* End PBXTargetDependency section */

/* Begin XCBuildConfiguration section */
		D60E12F12B62598B00AE4425 /* Debug */ = {
			isa = XCBuildConfiguration;
			buildSettings = {
				ALWAYS_SEARCH_USER_PATHS = NO;
				ASSETCATALOG_COMPILER_GENERATE_SWIFT_ASSET_SYMBOL_EXTENSIONS = YES;
				CLANG_ANALYZER_NONNULL = YES;
				CLANG_ANALYZER_NUMBER_OBJECT_CONVERSION = YES_AGGRESSIVE;
				CLANG_CXX_LANGUAGE_STANDARD = "gnu++20";
				CLANG_ENABLE_MODULES = YES;
				CLANG_ENABLE_OBJC_ARC = YES;
				CLANG_ENABLE_OBJC_WEAK = YES;
				CLANG_WARN_BLOCK_CAPTURE_AUTORELEASING = YES;
				CLANG_WARN_BOOL_CONVERSION = YES;
				CLANG_WARN_COMMA = YES;
				CLANG_WARN_CONSTANT_CONVERSION = YES;
				CLANG_WARN_DEPRECATED_OBJC_IMPLEMENTATIONS = YES;
				CLANG_WARN_DIRECT_OBJC_ISA_USAGE = YES_ERROR;
				CLANG_WARN_DOCUMENTATION_COMMENTS = YES;
				CLANG_WARN_EMPTY_BODY = YES;
				CLANG_WARN_ENUM_CONVERSION = YES;
				CLANG_WARN_INFINITE_RECURSION = YES;
				CLANG_WARN_INT_CONVERSION = YES;
				CLANG_WARN_NON_LITERAL_NULL_CONVERSION = YES;
				CLANG_WARN_OBJC_IMPLICIT_RETAIN_SELF = YES;
				CLANG_WARN_OBJC_LITERAL_CONVERSION = YES;
				CLANG_WARN_OBJC_ROOT_CLASS = YES_ERROR;
				CLANG_WARN_QUOTED_INCLUDE_IN_FRAMEWORK_HEADER = YES;
				CLANG_WARN_RANGE_LOOP_ANALYSIS = YES;
				CLANG_WARN_STRICT_PROTOTYPES = YES;
				CLANG_WARN_SUSPICIOUS_MOVE = YES;
				CLANG_WARN_UNGUARDED_AVAILABILITY = YES_AGGRESSIVE;
				CLANG_WARN_UNREACHABLE_CODE = YES;
				CLANG_WARN__DUPLICATE_METHOD_MATCH = YES;
				COPY_PHASE_STRIP = NO;
				DEBUG_INFORMATION_FORMAT = dwarf;
				ENABLE_STRICT_OBJC_MSGSEND = YES;
				ENABLE_TESTABILITY = YES;
				ENABLE_USER_SCRIPT_SANDBOXING = YES;
				GCC_C_LANGUAGE_STANDARD = gnu17;
				GCC_DYNAMIC_NO_PIC = NO;
				GCC_NO_COMMON_BLOCKS = YES;
				GCC_OPTIMIZATION_LEVEL = 0;
				GCC_PREPROCESSOR_DEFINITIONS = (
					"DEBUG=1",
					"$(inherited)",
				);
				GCC_WARN_64_TO_32_BIT_CONVERSION = YES;
				GCC_WARN_ABOUT_RETURN_TYPE = YES_ERROR;
				GCC_WARN_UNDECLARED_SELECTOR = YES;
				GCC_WARN_UNINITIALIZED_AUTOS = YES_AGGRESSIVE;
				GCC_WARN_UNUSED_FUNCTION = YES;
				GCC_WARN_UNUSED_VARIABLE = YES;
				IPHONEOS_DEPLOYMENT_TARGET = 17.2;
				LOCALIZATION_PREFERS_STRING_CATALOGS = YES;
				MTL_ENABLE_DEBUG_INFO = INCLUDE_SOURCE;
				MTL_FAST_MATH = YES;
				ONLY_ACTIVE_ARCH = YES;
				SDKROOT = iphoneos;
				SWIFT_ACTIVE_COMPILATION_CONDITIONS = "DEBUG $(inherited)";
				SWIFT_OPTIMIZATION_LEVEL = "-Onone";
			};
			name = Debug;
		};
		D60E12F22B62598B00AE4425 /* Release */ = {
			isa = XCBuildConfiguration;
			buildSettings = {
				ALWAYS_SEARCH_USER_PATHS = NO;
				ASSETCATALOG_COMPILER_GENERATE_SWIFT_ASSET_SYMBOL_EXTENSIONS = YES;
				CLANG_ANALYZER_NONNULL = YES;
				CLANG_ANALYZER_NUMBER_OBJECT_CONVERSION = YES_AGGRESSIVE;
				CLANG_CXX_LANGUAGE_STANDARD = "gnu++20";
				CLANG_ENABLE_MODULES = YES;
				CLANG_ENABLE_OBJC_ARC = YES;
				CLANG_ENABLE_OBJC_WEAK = YES;
				CLANG_WARN_BLOCK_CAPTURE_AUTORELEASING = YES;
				CLANG_WARN_BOOL_CONVERSION = YES;
				CLANG_WARN_COMMA = YES;
				CLANG_WARN_CONSTANT_CONVERSION = YES;
				CLANG_WARN_DEPRECATED_OBJC_IMPLEMENTATIONS = YES;
				CLANG_WARN_DIRECT_OBJC_ISA_USAGE = YES_ERROR;
				CLANG_WARN_DOCUMENTATION_COMMENTS = YES;
				CLANG_WARN_EMPTY_BODY = YES;
				CLANG_WARN_ENUM_CONVERSION = YES;
				CLANG_WARN_INFINITE_RECURSION = YES;
				CLANG_WARN_INT_CONVERSION = YES;
				CLANG_WARN_NON_LITERAL_NULL_CONVERSION = YES;
				CLANG_WARN_OBJC_IMPLICIT_RETAIN_SELF = YES;
				CLANG_WARN_OBJC_LITERAL_CONVERSION = YES;
				CLANG_WARN_OBJC_ROOT_CLASS = YES_ERROR;
				CLANG_WARN_QUOTED_INCLUDE_IN_FRAMEWORK_HEADER = YES;
				CLANG_WARN_RANGE_LOOP_ANALYSIS = YES;
				CLANG_WARN_STRICT_PROTOTYPES = YES;
				CLANG_WARN_SUSPICIOUS_MOVE = YES;
				CLANG_WARN_UNGUARDED_AVAILABILITY = YES_AGGRESSIVE;
				CLANG_WARN_UNREACHABLE_CODE = YES;
				CLANG_WARN__DUPLICATE_METHOD_MATCH = YES;
				COPY_PHASE_STRIP = NO;
				DEBUG_INFORMATION_FORMAT = "dwarf-with-dsym";
				ENABLE_NS_ASSERTIONS = NO;
				ENABLE_STRICT_OBJC_MSGSEND = YES;
				ENABLE_USER_SCRIPT_SANDBOXING = YES;
				GCC_C_LANGUAGE_STANDARD = gnu17;
				GCC_NO_COMMON_BLOCKS = YES;
				GCC_WARN_64_TO_32_BIT_CONVERSION = YES;
				GCC_WARN_ABOUT_RETURN_TYPE = YES_ERROR;
				GCC_WARN_UNDECLARED_SELECTOR = YES;
				GCC_WARN_UNINITIALIZED_AUTOS = YES_AGGRESSIVE;
				GCC_WARN_UNUSED_FUNCTION = YES;
				GCC_WARN_UNUSED_VARIABLE = YES;
				IPHONEOS_DEPLOYMENT_TARGET = 17.2;
				LOCALIZATION_PREFERS_STRING_CATALOGS = YES;
				MTL_ENABLE_DEBUG_INFO = NO;
				MTL_FAST_MATH = YES;
				SDKROOT = iphoneos;
				SWIFT_COMPILATION_MODE = wholemodule;
				VALIDATE_PRODUCT = YES;
			};
			name = Release;
		};
		D60E12F42B62598B00AE4425 /* Debug */ = {
			isa = XCBuildConfiguration;
			buildSettings = {
				ASSETCATALOG_COMPILER_APPICON_NAME = AppIcon;
				ASSETCATALOG_COMPILER_GLOBAL_ACCENT_COLOR_NAME = AccentColor;
				CODE_SIGN_STYLE = Automatic;
				CURRENT_PROJECT_VERSION = 1;
				DEVELOPMENT_ASSET_PATHS = "\"drain/Preview Content\"";
				ENABLE_PREVIEWS = YES;
				GENERATE_INFOPLIST_FILE = YES;
				INFOPLIST_KEY_UIApplicationSceneManifest_Generation = YES;
				INFOPLIST_KEY_UIApplicationSupportsIndirectInputEvents = YES;
				INFOPLIST_KEY_UILaunchScreen_Generation = YES;
				INFOPLIST_KEY_UISupportedInterfaceOrientations_iPad = "UIInterfaceOrientationPortrait UIInterfaceOrientationPortraitUpsideDown UIInterfaceOrientationLandscapeLeft UIInterfaceOrientationLandscapeRight";
				INFOPLIST_KEY_UISupportedInterfaceOrientations_iPhone = "UIInterfaceOrientationPortrait UIInterfaceOrientationLandscapeLeft UIInterfaceOrientationLandscapeRight";
				LD_RUNPATH_SEARCH_PATHS = (
					"$(inherited)",
					"@executable_path/Frameworks",
				);
				MARKETING_VERSION = 1.0;
				PRODUCT_BUNDLE_IDENTIFIER = com.nopnapatn.drain;
				PRODUCT_NAME = "$(TARGET_NAME)";
				SWIFT_EMIT_LOC_STRINGS = YES;
				SWIFT_VERSION = 5.0;
				TARGETED_DEVICE_FAMILY = "1,2";
			};
			name = Debug;
		};
		D60E12F52B62598B00AE4425 /* Release */ = {
			isa = XCBuildConfiguration;
			buildSettings = {
				ASSETCATALOG_COMPILER_APPICON_NAME = AppIcon;
				ASSETCATALOG_COMPILER_GLOBAL_ACCENT_COLOR_NAME = AccentColor;
				CODE_SIGN_STYLE = Automatic;
				CURRENT_PROJECT_VERSION = 1;
				DEVELOPMENT_ASSET_PATHS = "\"drain/Preview Content\"";
				ENABLE_PREVIEWS = YES;
				GENERATE_INFOPLIST_FILE = YES;
				INFOPLIST_KEY_UIApplicationSceneManifest_Generation = YES;
				INFOPLIST_KEY_UIApplicationSupportsIndirectInputEvents = YES;
				INFOPLIST_KEY_UILaunchScreen_Generation = YES;
				INFOPLIST_KEY_UISupportedInterfaceOrientations_iPad = "UIInterfaceOrientationPortrait UIInterfaceOrientationPortraitUpsideDown UIInterfaceOrientationLandscapeLeft UIInterfaceOrientationLandscapeRight";
				INFOPLIST_KEY_UISupportedInterfaceOrientations_iPhone = "UIInterfaceOrientationPortrait UIInterfaceOrientationLandscapeLeft UIInterfaceOrientationLandscapeRight";
				LD_RUNPATH_SEARCH_PATHS = (
					"$(inherited)",
					"@executable_path/Frameworks",
				);
				MARKETING_VERSION = 1.0;
				PRODUCT_BUNDLE_IDENTIFIER = com.nopnapatn.drain;
				PRODUCT_NAME = "$(TARGET_NAME)";
				SWIFT_EMIT_LOC_STRINGS = YES;
				SWIFT_VERSION = 5.0;
				TARGETED_DEVICE_FAMILY = "1,2";
			};
			name = Release;
		};
		D60E12F72B62598B00AE4425 /* Debug */ = {
			isa = XCBuildConfiguration;
			buildSettings = {
				ALWAYS_EMBED_SWIFT_STANDARD_LIBRARIES = YES;
				BUNDLE_LOADER = "$(TEST_HOST)";
				CODE_SIGN_STYLE = Automatic;
				CURRENT_PROJECT_VERSION = 1;
				GENERATE_INFOPLIST_FILE = YES;
				IPHONEOS_DEPLOYMENT_TARGET = 17.2;
				MARKETING_VERSION = 1.0;
				PRODUCT_BUNDLE_IDENTIFIER = com.nopnapatn.drainTests;
				PRODUCT_NAME = "$(TARGET_NAME)";
				SWIFT_EMIT_LOC_STRINGS = NO;
				SWIFT_VERSION = 5.0;
				TARGETED_DEVICE_FAMILY = "1,2";
				TEST_HOST = "$(BUILT_PRODUCTS_DIR)/drain.app/$(BUNDLE_EXECUTABLE_FOLDER_PATH)/drain";
			};
			name = Debug;
		};
		D60E12F82B62598B00AE4425 /* Release */ = {
			isa = XCBuildConfiguration;
			buildSettings = {
				ALWAYS_EMBED_SWIFT_STANDARD_LIBRARIES = YES;
				BUNDLE_LOADER = "$(TEST_HOST)";
				CODE_SIGN_STYLE = Automatic;
				CURRENT_PROJECT_VERSION = 1;
				GENERATE_INFOPLIST_FILE = YES;
				IPHONEOS_DEPLOYMENT_TARGET = 17.2;
				MARKETING_VERSION = 1.0;
				PRODUCT_BUNDLE_IDENTIFIER = com.nopnapatn.drainTests;
				PRODUCT_NAME = "$(TARGET_NAME)";
				SWIFT_EMIT_LOC_STRINGS = NO;
				SWIFT_VERSION = 5.0;
				TARGETED_DEVICE_FAMILY = "1,2";
				TEST_HOST = "$(BUILT_PRODUCTS_DIR)/drain.app/$(BUNDLE_EXECUTABLE_FOLDER_PATH)/drain";
			};
			name = Release;
		};
		D60E12FA2B62598B00AE4425 /* Debug */ = {
			isa = XCBuildConfiguration;
			buildSettings = {
				ALWAYS_EMBED_SWIFT_STANDARD_LIBRARIES = YES;
				CODE_SIGN_STYLE = Automatic;
				CURRENT_PROJECT_VERSION = 1;
				GENERATE_INFOPLIST_FILE = YES;
				MARKETING_VERSION = 1.0;
				PRODUCT_BUNDLE_IDENTIFIER = com.nopnapatn.drainUITests;
				PRODUCT_NAME = "$(TARGET_NAME)";
				SWIFT_EMIT_LOC_STRINGS = NO;
				SWIFT_VERSION = 5.0;
				TARGETED_DEVICE_FAMILY = "1,2";
				TEST_TARGET_NAME = drain;
			};
			name = Debug;
		};
		D60E12FB2B62598B00AE4425 /* Release */ = {
			isa = XCBuildConfiguration;
			buildSettings = {
				ALWAYS_EMBED_SWIFT_STANDARD_LIBRARIES = YES;
				CODE_SIGN_STYLE = Automatic;
				CURRENT_PROJECT_VERSION = 1;
				GENERATE_INFOPLIST_FILE = YES;
				MARKETING_VERSION = 1.0;
				PRODUCT_BUNDLE_IDENTIFIER = com.nopnapatn.drainUITests;
				PRODUCT_NAME = "$(TARGET_NAME)";
				SWIFT_EMIT_LOC_STRINGS = NO;
				SWIFT_VERSION = 5.0;
				TARGETED_DEVICE_FAMILY = "1,2";
				TEST_TARGET_NAME = drain;
			};
			name = Release;
		};
/* End XCBuildConfiguration section */

/* Begin XCConfigurationList section */
		D60E12CA2B62598A00AE4425 /* Build configuration list for PBXProject "drain" */ = {
			isa = XCConfigurationList;
			buildConfigurations = (
				D60E12F12B62598B00AE4425 /* Debug */,
				D60E12F22B62598B00AE4425 /* Release */,
			);
			defaultConfigurationIsVisible = 0;
			defaultConfigurationName = Release;
		};
		D60E12F32B62598B00AE4425 /* Build configuration list for PBXNativeTarget "drain" */ = {
			isa = XCConfigurationList;
			buildConfigurations = (
				D60E12F42B62598B00AE4425 /* Debug */,
				D60E12F52B62598B00AE4425 /* Release */,
			);
			defaultConfigurationIsVisible = 0;
			defaultConfigurationName = Release;
		};
		D60E12F62B62598B00AE4425 /* Build configuration list for PBXNativeTarget "drainTests" */ = {
			isa = XCConfigurationList;
			buildConfigurations = (
				D60E12F72B62598B00AE4425 /* Debug */,
				D60E12F82B62598B00AE4425 /* Release */,
			);
			defaultConfigurationIsVisible = 0;
			defaultConfigurationName = Release;
		};
		D60E12F92B62598B00AE4425 /* Build configuration list for PBXNativeTarget "drainUITests" */ = {
			isa = XCConfigurationList;
			buildConfigurations = (
				D60E12FA2B62598B00AE4425 /* Debug */,
				D60E12FB2B62598B00AE4425 /* Release */,
			);
			defaultConfigurationIsVisible = 0;
			defaultConfigurationName = Release;
		};
/* End XCConfigurationList section */
	};
	rootObject = D60E12C72B62598A00AE4425 /* Project object */;
}
